{
    "_readme": [
        "This file locks the dependencies of your project to a known state",
        "Read more about it at https://getcomposer.org/doc/01-basic-usage.md#installing-dependencies",
        "This file is @generated automatically"
    ],
    "content-hash": "5349b2f37bb22a2c86eebe5752b2fdc2",
    "packages": [
        {
            "name": "components/font-awesome",
            "version": "6.1.0",
            "source": {
                "type": "git",
                "url": "https://github.com/components/font-awesome.git",
                "reference": "9ab1bb955c819daacb3a56ccfacb10fa40b7b50c"
            },
            "dist": {
                "type": "zip",
                "url": "https://api.github.com/repos/components/font-awesome/zipball/9ab1bb955c819daacb3a56ccfacb10fa40b7b50c",
                "reference": "9ab1bb955c819daacb3a56ccfacb10fa40b7b50c",
                "shasum": ""
            },
            "type": "component",
            "extra": {
                "component": {
                    "styles": [
                        "css/all.css"
                    ],
                    "files": [
                        "css/all.min.css",
                        "webfonts/*"
                    ]
                }
            },
            "notification-url": "https://packagist.org/downloads/",
            "license": [
                "CC-BY-4.0",
                "MIT",
                "OFL-1.1"
            ],
            "description": "Font Awesome, the iconic SVG, font, and CSS framework.",
            "support": {
                "issues": "https://github.com/components/font-awesome/issues",
                "source": "https://github.com/components/font-awesome/tree/6.1.0"
            },
            "time": "2022-03-18T06:59:11+00:00"
        },
        {
            "name": "components/jquery",
            "version": "3.6.0",
            "source": {
                "type": "git",
                "url": "https://github.com/components/jquery.git",
                "reference": "6cf38ee1fd04b6adf8e7dda161283aa35be818c3"
            },
            "dist": {
                "type": "zip",
                "url": "https://api.github.com/repos/components/jquery/zipball/6cf38ee1fd04b6adf8e7dda161283aa35be818c3",
                "reference": "6cf38ee1fd04b6adf8e7dda161283aa35be818c3",
                "shasum": ""
            },
            "type": "component",
            "extra": {
                "component": {
                    "scripts": [
                        "jquery.js"
                    ],
                    "files": [
                        "jquery.min.js",
                        "jquery.min.map",
                        "jquery.slim.js",
                        "jquery.slim.min.js",
                        "jquery.slim.min.map"
                    ]
                }
            },
            "notification-url": "https://packagist.org/downloads/",
            "license": [
                "MIT"
            ],
            "authors": [
                {
                    "name": "JS Foundation and other contributors"
                }
            ],
            "description": "jQuery JavaScript Library",
            "homepage": "http://jquery.com",
            "support": {
                "forum": "http://forum.jquery.com",
                "irc": "irc://irc.freenode.org/jquery",
                "issues": "https://github.com/jquery/jquery/issues",
                "source": "https://github.com/jquery/jquery",
                "wiki": "http://docs.jquery.com/"
            },
            "time": "2021-03-20T19:13:42+00:00"
        },
        {
            "name": "datatables/datatables",
            "version": "1.10.21",
            "source": {
                "type": "git",
                "url": "https://github.com/DataTables/DataTables.git",
                "reference": "83e59694a105225ff889ddfa0d723a3ab24fda78"
            },
            "dist": {
                "type": "zip",
                "url": "https://api.github.com/repos/DataTables/DataTables/zipball/83e59694a105225ff889ddfa0d723a3ab24fda78",
                "reference": "83e59694a105225ff889ddfa0d723a3ab24fda78",
                "shasum": ""
            },
            "type": "library",
            "notification-url": "https://packagist.org/downloads/",
            "license": [
                "MIT"
            ],
            "description": "DataTables is a plug-in for the jQuery Javascript library. It is a highly flexible tool, based upon the foundations of progressive enhancement, which will add advanced interaction controls to any HTML table.",
            "homepage": "http://www.datatables.net/",
            "support": {
                "forum": "https://datatables.net/forums",
                "source": "https://github.com/DataTables/DataTablesSrc/"
            },
            "time": "2020-05-21T10:08:44+00:00"
        },
        {
            "name": "gymadarasz/jquery.easing",
            "version": "1.3",
            "source": {
                "type": "git",
                "url": "https://github.com/gymadarasz/jquery.easing.git",
                "reference": "c92cda761181ef067714214714fced3e42849ff4"
            },
            "dist": {
                "type": "zip",
                "url": "https://api.github.com/repos/gymadarasz/jquery.easing/zipball/c92cda761181ef067714214714fced3e42849ff4",
                "reference": "c92cda761181ef067714214714fced3e42849ff4",
                "shasum": ""
            },
            "type": "library",
            "notification-url": "https://packagist.org/downloads/",
            "authors": [
                {
                    "name": "gymadarasz",
                    "email": "gyula.madarasz@gmail.com"
                }
            ],
            "description": "jQuery Easing plugin",
            "support": {
                "issues": "https://github.com/gymadarasz/jquery.easing/issues",
                "source": "https://github.com/gymadarasz/jquery.easing/tree/1.3"
            },
            "time": "2016-01-03T16:08:03+00:00"
        },
        {
            "name": "kint-php/kint",
            "version": "4.1.2",
            "source": {
                "type": "git",
                "url": "https://github.com/kint-php/kint.git",
                "reference": "fa53c4333cda79dc9cb002cfa029abe994d0ae00"
            },
            "dist": {
                "type": "zip",
                "url": "https://api.github.com/repos/kint-php/kint/zipball/fa53c4333cda79dc9cb002cfa029abe994d0ae00",
                "reference": "fa53c4333cda79dc9cb002cfa029abe994d0ae00",
                "shasum": ""
            },
            "require": {
                "php": ">=5.6"
            },
            "require-dev": {
                "friendsofphp/php-cs-fixer": "^3.0",
                "phpspec/prophecy-phpunit": "^2",
                "phpunit/phpunit": "^9.0",
                "seld/phar-utils": "^1.0",
                "symfony/finder": "^3.0 || ^4.0 || ^5.0",
                "vimeo/psalm": "^4.0"
            },
            "suggest": {
                "kint-php/kint-helpers": "Provides extra helper functions",
                "kint-php/kint-twig": "Provides d() and s() functions in twig templates"
            },
            "type": "library",
            "autoload": {
                "files": [
                    "init.php"
                ],
                "psr-4": {
                    "Kint\\": "src/"
                }
            },
            "notification-url": "https://packagist.org/downloads/",
            "license": [
                "MIT"
            ],
            "authors": [
                {
                    "name": "Jonathan Vollebregt",
                    "homepage": "https://github.com/jnvsor"
                },
                {
                    "name": "Contributors",
                    "homepage": "https://github.com/kint-php/kint/graphs/contributors"
                }
            ],
            "description": "Kint - debugging tool for PHP developers",
            "homepage": "https://kint-php.github.io/kint/",
            "keywords": [
                "debug",
                "kint",
                "php"
            ],
            "support": {
                "issues": "https://github.com/kint-php/kint/issues",
                "source": "https://github.com/kint-php/kint/tree/4.1.2"
            },
            "time": "2022-02-22T20:32:24+00:00"
        },
        {
            "name": "laminas/laminas-escaper",
            "version": "2.10.0",
            "source": {
                "type": "git",
                "url": "https://github.com/laminas/laminas-escaper.git",
                "reference": "58af67282db37d24e584a837a94ee55b9c7552be"
            },
            "dist": {
                "type": "zip",
                "url": "https://api.github.com/repos/laminas/laminas-escaper/zipball/58af67282db37d24e584a837a94ee55b9c7552be",
                "reference": "58af67282db37d24e584a837a94ee55b9c7552be",
                "shasum": ""
            },
            "require": {
                "ext-ctype": "*",
                "ext-mbstring": "*",
                "php": "^7.4 || ~8.0.0 || ~8.1.0"
            },
            "conflict": {
                "zendframework/zend-escaper": "*"
            },
            "require-dev": {
                "infection/infection": "^0.26.6",
                "laminas/laminas-coding-standard": "~2.3.0",
                "maglnet/composer-require-checker": "^3.8.0",
                "phpunit/phpunit": "^9.5.18",
                "psalm/plugin-phpunit": "^0.16.1",
                "vimeo/psalm": "^4.22.0"
            },
            "type": "library",
            "autoload": {
                "psr-4": {
                    "Laminas\\Escaper\\": "src/"
                }
            },
            "notification-url": "https://packagist.org/downloads/",
            "license": [
                "BSD-3-Clause"
            ],
            "description": "Securely and safely escape HTML, HTML attributes, JavaScript, CSS, and URLs",
            "homepage": "https://laminas.dev",
            "keywords": [
                "escaper",
                "laminas"
            ],
            "support": {
                "chat": "https://laminas.dev/chat",
                "docs": "https://docs.laminas.dev/laminas-escaper/",
                "forum": "https://discourse.laminas.dev",
                "issues": "https://github.com/laminas/laminas-escaper/issues",
                "rss": "https://github.com/laminas/laminas-escaper/releases.atom",
                "source": "https://github.com/laminas/laminas-escaper"
            },
            "funding": [
                {
                    "url": "https://funding.communitybridge.org/projects/laminas-project",
                    "type": "community_bridge"
                }
            ],
            "time": "2022-03-08T20:15:36+00:00"
        },
        {
            "name": "psr/log",
            "version": "1.1.4",
            "source": {
                "type": "git",
                "url": "https://github.com/php-fig/log.git",
                "reference": "d49695b909c3b7628b6289db5479a1c204601f11"
            },
            "dist": {
                "type": "zip",
                "url": "https://api.github.com/repos/php-fig/log/zipball/d49695b909c3b7628b6289db5479a1c204601f11",
                "reference": "d49695b909c3b7628b6289db5479a1c204601f11",
                "shasum": ""
            },
            "require": {
                "php": ">=5.3.0"
            },
            "type": "library",
            "extra": {
                "branch-alias": {
                    "dev-master": "1.1.x-dev"
                }
            },
            "autoload": {
                "psr-4": {
                    "Psr\\Log\\": "Psr/Log/"
                }
            },
            "notification-url": "https://packagist.org/downloads/",
            "license": [
                "MIT"
            ],
            "authors": [
                {
                    "name": "PHP-FIG",
                    "homepage": "https://www.php-fig.org/"
                }
            ],
            "description": "Common interface for logging libraries",
            "homepage": "https://github.com/php-fig/log",
            "keywords": [
                "log",
                "psr",
                "psr-3"
            ],
            "support": {
                "source": "https://github.com/php-fig/log/tree/1.1.4"
            },
            "time": "2021-05-03T11:20:27+00:00"
        },
        {
            "name": "twbs/bootstrap",
            "version": "v5.1.3",
            "source": {
                "type": "git",
                "url": "https://github.com/twbs/bootstrap.git",
                "reference": "1a6fdfae6be09b09eaced8f0e442ca6f7680a61e"
            },
            "dist": {
                "type": "zip",
                "url": "https://api.github.com/repos/twbs/bootstrap/zipball/1a6fdfae6be09b09eaced8f0e442ca6f7680a61e",
                "reference": "1a6fdfae6be09b09eaced8f0e442ca6f7680a61e",
                "shasum": ""
            },
            "replace": {
                "twitter/bootstrap": "self.version"
            },
            "type": "library",
            "notification-url": "https://packagist.org/downloads/",
            "license": [
                "MIT"
            ],
            "authors": [
                {
                    "name": "Mark Otto",
                    "email": "markdotto@gmail.com"
                },
                {
                    "name": "Jacob Thornton",
                    "email": "jacobthornton@gmail.com"
                }
            ],
            "description": "The most popular front-end framework for developing responsive, mobile first projects on the web.",
            "homepage": "https://getbootstrap.com/",
            "keywords": [
                "JS",
                "css",
                "framework",
                "front-end",
                "mobile-first",
                "responsive",
                "sass",
                "web"
            ],
            "support": {
                "issues": "https://github.com/twbs/bootstrap/issues",
                "source": "https://github.com/twbs/bootstrap/tree/v5.1.3"
            },
            "time": "2021-10-09T06:43:19+00:00"
        }
    ],
    "packages-dev": [],
    "aliases": [],
    "minimum-stability": "stable",
    "stability-flags": [],
    "prefer-stable": false,
    "prefer-lowest": false,
    "platform": {
        "php": "^7.3 || ^8.0",
        "ext-curl": "*",
        "ext-intl": "*",
        "ext-json": "*",
        "ext-mbstring": "*"
    },
    "platform-dev": [],
    "plugin-api-version": "2.2.0"
}
